
Microsoft Visual Studio Solution File, Format Version 12.00
# Visual Studio 14
VisualStudioVersion = 14.0.24720.0
MinimumVisualStudioVersion = 10.0.40219.1
Project("{FAE04EC0-301F-11D3-BF4B-00C04F79EFBC}") = "StockExchangeApi", "StockExchangeApi\StockExchangeApi.csproj", "{2ABE6D87-39A4-4BDA-88BF-8B697FA269F4}"
EndProject
Project("{FAE04EC0-301F-11D3-BF4B-00C04F79EFBC}") = "StockExchangeSimulator", "StockExchangeSimulator\StockExchangeSimulator.csproj", "{7368DC10-096A-4058-B48B-C4A5682D22BA}"
EndProject
Project("{FAE04EC0-301F-11D3-BF4B-00C04F79EFBC}") = "CommonSecurity", "CommonSecurity\CommonSecurity.csproj", "{D5E56162-36F2-40DB-B4DD-BC41D6784BFC}"
EndProject
Project("{FAE04EC0-301F-11D3-BF4B-00C04F79EFBC}") = "WebService", "WebService\WebService.csproj", "{5093A721-675B-41BB-A7B4-630B1F1F5D99}"
	ProjectSection(ProjectDependencies) = postProject
		{7368DC10-096A-4058-B48B-C4A5682D22BA} = {7368DC10-096A-4058-B48B-C4A5682D22BA}
	EndProjectSection
EndProject
Project("{2150E333-8FDC-42A3-9474-1A3956D46DE8}") = "Tests", "Tests", "{2C760BBB-E3BA-4CCD-AA0E-45981A5C1BF6}"
EndProject
Project("{FAE04EC0-301F-11D3-BF4B-00C04F79EFBC}") = "WebClientApplication", "WebClientApplication\WebClientApplication.csproj", "{BFA2F2C4-C2C2-475E-9D92-7FD2253EE4D6}"
EndProject
Project("{FAE04EC0-301F-11D3-BF4B-00C04F79EFBC}") = "WebService.Tests", "WebService.Test\WebService.Tests.csproj", "{5A2B9822-1434-422D-AB5C-7B138DA855B1}"
EndProject
Project("{FAE04EC0-301F-11D3-BF4B-00C04F79EFBC}") = "CommonSecurityApi", "CommonSecurityApi\CommonSecurityApi.csproj", "{1F4CA6AD-C5A3-440E-B297-B39E60019F0E}"
EndProject
Project("{FAE04EC0-301F-11D3-BF4B-00C04F79EFBC}") = "WebClientApplication.Tests", "WebClientApplication.Tests\WebClientApplication.Tests.csproj", "{4E45FD08-CFCF-497A-9A6F-78E033CE7559}"
EndProject
Global
	GlobalSection(SolutionConfigurationPlatforms) = preSolution
		Debug|Any CPU = Debug|Any CPU
		Release|Any CPU = Release|Any CPU
	EndGlobalSection
	GlobalSection(ProjectConfigurationPlatforms) = postSolution
		{2ABE6D87-39A4-4BDA-88BF-8B697FA269F4}.Debug|Any CPU.ActiveCfg = Debug|Any CPU
		{2ABE6D87-39A4-4BDA-88BF-8B697FA269F4}.Debug|Any CPU.Build.0 = Debug|Any CPU
		{2ABE6D87-39A4-4BDA-88BF-8B697FA269F4}.Release|Any CPU.ActiveCfg = Release|Any CPU
		{2ABE6D87-39A4-4BDA-88BF-8B697FA269F4}.Release|Any CPU.Build.0 = Release|Any CPU
		{7368DC10-096A-4058-B48B-C4A5682D22BA}.Debug|Any CPU.ActiveCfg = Debug|Any CPU
		{7368DC10-096A-4058-B48B-C4A5682D22BA}.Debug|Any CPU.Build.0 = Debug|Any CPU
		{7368DC10-096A-4058-B48B-C4A5682D22BA}.Release|Any CPU.ActiveCfg = Release|Any CPU
		{7368DC10-096A-4058-B48B-C4A5682D22BA}.Release|Any CPU.Build.0 = Release|Any CPU
		{D5E56162-36F2-40DB-B4DD-BC41D6784BFC}.Debug|Any CPU.ActiveCfg = Debug|Any CPU
		{D5E56162-36F2-40DB-B4DD-BC41D6784BFC}.Debug|Any CPU.Build.0 = Debug|Any CPU
		{D5E56162-36F2-40DB-B4DD-BC41D6784BFC}.Release|Any CPU.ActiveCfg = Release|Any CPU
		{D5E56162-36F2-40DB-B4DD-BC41D6784BFC}.Release|Any CPU.Build.0 = Release|Any CPU
		{5093A721-675B-41BB-A7B4-630B1F1F5D99}.Debug|Any CPU.ActiveCfg = Debug|Any CPU
		{5093A721-675B-41BB-A7B4-630B1F1F5D99}.Debug|Any CPU.Build.0 = Debug|Any CPU
		{5093A721-675B-41BB-A7B4-630B1F1F5D99}.Release|Any CPU.ActiveCfg = Release|Any CPU
		{5093A721-675B-41BB-A7B4-630B1F1F5D99}.Release|Any CPU.Build.0 = Release|Any CPU
		{BFA2F2C4-C2C2-475E-9D92-7FD2253EE4D6}.Debug|Any CPU.ActiveCfg = Debug|Any CPU
		{BFA2F2C4-C2C2-475E-9D92-7FD2253EE4D6}.Debug|Any CPU.Build.0 = Debug|Any CPU
		{BFA2F2C4-C2C2-475E-9D92-7FD2253EE4D6}.Release|Any CPU.ActiveCfg = Release|Any CPU
		{BFA2F2C4-C2C2-475E-9D92-7FD2253EE4D6}.Release|Any CPU.Build.0 = Release|Any CPU
		{5A2B9822-1434-422D-AB5C-7B138DA855B1}.Debug|Any CPU.ActiveCfg = Debug|Any CPU
		{5A2B9822-1434-422D-AB5C-7B138DA855B1}.Debug|Any CPU.Build.0 = Debug|Any CPU
		{5A2B9822-1434-422D-AB5C-7B138DA855B1}.Release|Any CPU.ActiveCfg = Release|Any CPU
		{5A2B9822-1434-422D-AB5C-7B138DA855B1}.Release|Any CPU.Build.0 = Release|Any CPU
		{1F4CA6AD-C5A3-440E-B297-B39E60019F0E}.Debug|Any CPU.ActiveCfg = Debug|Any CPU
		{1F4CA6AD-C5A3-440E-B297-B39E60019F0E}.Debug|Any CPU.Build.0 = Debug|Any CPU
		{1F4CA6AD-C5A3-440E-B297-B39E60019F0E}.Release|Any CPU.ActiveCfg = Release|Any CPU
		{1F4CA6AD-C5A3-440E-B297-B39E60019F0E}.Release|Any CPU.Build.0 = Release|Any CPU
		{4E45FD08-CFCF-497A-9A6F-78E033CE7559}.Debug|Any CPU.ActiveCfg = Debug|Any CPU
		{4E45FD08-CFCF-497A-9A6F-78E033CE7559}.Debug|Any CPU.Build.0 = Debug|Any CPU
		{4E45FD08-CFCF-497A-9A6F-78E033CE7559}.Release|Any CPU.ActiveCfg = Release|Any CPU
		{4E45FD08-CFCF-497A-9A6F-78E033CE7559}.Release|Any CPU.Build.0 = Release|Any CPU
	EndGlobalSection
	GlobalSection(SolutionProperties) = preSolution
		HideSolutionNode = FALSE
	EndGlobalSection
	GlobalSection(NestedProjects) = preSolution
		{5A2B9822-1434-422D-AB5C-7B138DA855B1} = {2C760BBB-E3BA-4CCD-AA0E-45981A5C1BF6}
		{4E45FD08-CFCF-497A-9A6F-78E033CE7559} = {2C760BBB-E3BA-4CCD-AA0E-45981A5C1BF6}
	EndGlobalSection
EndGlobal
