
Microsoft Visual Studio Solution File, Format Version 12.00
# Visual Studio 14
VisualStudioVersion = 14.0.24720.0
MinimumVisualStudioVersion = 10.0.40219.1
Project("{FAE04EC0-301F-11D3-BF4B-00C04F79EFBC}") = "WebClinetApplication", "WebClinetApplication\WebClinetApplication.csproj", "{BFA2F2C4-C2C2-475E-9D92-7FD2253EE4D6}"
	ProjectSection(ProjectDependencies) = postProject
		{5093A721-675B-41BB-A7B4-630B1F1F5D99} = {5093A721-675B-41BB-A7B4-630B1F1F5D99}
	EndProjectSection
EndProject
Project("{FAE04EC0-301F-11D3-BF4B-00C04F79EFBC}") = "StockExchangeApi", "StockExchangeApi\StockExchangeApi.csproj", "{2ABE6D87-39A4-4BDA-88BF-8B697FA269F4}"
EndProject
Project("{FAE04EC0-301F-11D3-BF4B-00C04F79EFBC}") = "StockExchangeSimulator", "StockExchangeSimulator\StockExchangeSimulator.csproj", "{7368DC10-096A-4058-B48B-C4A5682D22BA}"
EndProject
Project("{FAE04EC0-301F-11D3-BF4B-00C04F79EFBC}") = "CommonSecurity", "CommonSecurity\CommonSecurity.csproj", "{D5E56162-36F2-40DB-B4DD-BC41D6784BFC}"
EndProject
Project("{FAE04EC0-301F-11D3-BF4B-00C04F79EFBC}") = "WebService", "WebService\WebService.csproj", "{5093A721-675B-41BB-A7B4-630B1F1F5D99}"
EndProject
Global
	GlobalSection(SolutionConfigurationPlatforms) = preSolution
		Debug|Any CPU = Debug|Any CPU
		Release|Any CPU = Release|Any CPU
	EndGlobalSection
	GlobalSection(ProjectConfigurationPlatforms) = postSolution
		{BFA2F2C4-C2C2-475E-9D92-7FD2253EE4D6}.Debug|Any CPU.ActiveCfg = Debug|Any CPU
		{BFA2F2C4-C2C2-475E-9D92-7FD2253EE4D6}.Debug|Any CPU.Build.0 = Debug|Any CPU
		{BFA2F2C4-C2C2-475E-9D92-7FD2253EE4D6}.Release|Any CPU.ActiveCfg = Release|Any CPU
		{BFA2F2C4-C2C2-475E-9D92-7FD2253EE4D6}.Release|Any CPU.Build.0 = Release|Any CPU
		{2ABE6D87-39A4-4BDA-88BF-8B697FA269F4}.Debug|Any CPU.ActiveCfg = Debug|Any CPU
		{2ABE6D87-39A4-4BDA-88BF-8B697FA269F4}.Debug|Any CPU.Build.0 = Debug|Any CPU
		{2ABE6D87-39A4-4BDA-88BF-8B697FA269F4}.Release|Any CPU.ActiveCfg = Release|Any CPU
		{2ABE6D87-39A4-4BDA-88BF-8B697FA269F4}.Release|Any CPU.Build.0 = Release|Any CPU
		{7368DC10-096A-4058-B48B-C4A5682D22BA}.Debug|Any CPU.ActiveCfg = Debug|Any CPU
		{7368DC10-096A-4058-B48B-C4A5682D22BA}.Debug|Any CPU.Build.0 = Debug|Any CPU
		{7368DC10-096A-4058-B48B-C4A5682D22BA}.Release|Any CPU.ActiveCfg = Release|Any CPU
		{7368DC10-096A-4058-B48B-C4A5682D22BA}.Release|Any CPU.Build.0 = Release|Any CPU
		{D5E56162-36F2-40DB-B4DD-BC41D6784BFC}.Debug|Any CPU.ActiveCfg = Debug|Any CPU
		{D5E56162-36F2-40DB-B4DD-BC41D6784BFC}.Debug|Any CPU.Build.0 = Debug|Any CPU
		{D5E56162-36F2-40DB-B4DD-BC41D6784BFC}.Release|Any CPU.ActiveCfg = Release|Any CPU
		{D5E56162-36F2-40DB-B4DD-BC41D6784BFC}.Release|Any CPU.Build.0 = Release|Any CPU
		{5093A721-675B-41BB-A7B4-630B1F1F5D99}.Debug|Any CPU.ActiveCfg = Debug|Any CPU
		{5093A721-675B-41BB-A7B4-630B1F1F5D99}.Debug|Any CPU.Build.0 = Debug|Any CPU
		{5093A721-675B-41BB-A7B4-630B1F1F5D99}.Release|Any CPU.ActiveCfg = Release|Any CPU
		{5093A721-675B-41BB-A7B4-630B1F1F5D99}.Release|Any CPU.Build.0 = Release|Any CPU
	EndGlobalSection
	GlobalSection(SolutionProperties) = preSolution
		HideSolutionNode = FALSE
	EndGlobalSection
EndGlobal
